{
  "name": "mathtype-project",
  "version": "1.0.0",
  "lockfileVersion": 3,
  "requires": true,
  "packages": {
    "": {
      "name": "mathtype-project",
      "version": "1.0.0",
      "license": "ISC",
      "dependencies": {
        "@wiris/mathtype-generic": "^8.11.1"
      }
    },
    "node_modules/@types/trusted-types": {
      "version": "2.0.7",
      "resolved": "https://registry.npmjs.org/@types/trusted-types/-/trusted-types-2.0.7.tgz",
      "integrity": "sha512-ScaPdn1dQczgbl0QFTeTOmVHFULt394XJgOQNoyVhZ6r2vLnMLJfBPd53SB52T/3G36VI1/g2MZaX0cwDuXsfw==",
      "optional": true
    },
    "node_modules/@wiris/mathtype-generic": {
      "version": "8.11.1",
      "resolved": "https://registry.npmjs.org/@wiris/mathtype-generic/-/mathtype-generic-8.11.1.tgz",
      "integrity": "sha512-CgSmrX7zmIckjYM+WYsyWDuklMabwuzyJHj9/4OuHnThstINRP/5CCgZ3KXR3vmGp/1hA1tvNcX/0zlAgHFKag==",
      "dependencies": {
        "@wiris/mathtype-html-integration-devkit": "1.17.5"
      }
    },
    "node_modules/@wiris/mathtype-html-integration-devkit": {
      "version": "1.17.5",
      "resolved": "https://registry.npmjs.org/@wiris/mathtype-html-integration-devkit/-/mathtype-html-integration-devkit-1.17.5.tgz",
      "integrity": "sha512-LKWq0WwbUoCojJVoAQObRHcvhZUh/b5X6AvpTKETrsII4ySYrEyN1CWaKkUrg7MowsSdU009n/kzfjwwfNgMkg==",
      "dependencies": {
        "dompurify": "^3.0.10",
        "uuid": "^8.3.2"
      }
    },
    "node_modules/dompurify": {
      "version": "3.2.3",
      "resolved": "https://registry.npmjs.org/dompurify/-/dompurify-3.2.3.tgz",
      "integrity": "sha512-U1U5Hzc2MO0oW3DF+G9qYN0aT7atAou4AgI0XjWz061nyBPbdxkfdhfy5uMgGn6+oLFCfn44ZGbdDqCzVmlOWA==",
      "optionalDependencies": {
        "@types/trusted-types": "^2.0.7"
      }
    },
    "node_modules/uuid": {
      "version": "8.3.2",
      "resolved": "https://registry.npmjs.org/uuid/-/uuid-8.3.2.tgz",
      "integrity": "sha512-+NYs2QeMWy+GWFOEm9xnn6HCDp0l7QBD7ml8zLUmJ+93Q5NF0NocErnwkTkXVFNiX3/fpC6afS8Dhb/gz7R7eg==",
      "bin": {
        "uuid": "dist/bin/uuid"
      }
    }
  }
}
